
Microsoft Visual Studio Solution File, Format Version 12.00
# Visual Studio 15
VisualStudioVersion = 15.0.26124.0
MinimumVisualStudioVersion = 15.0.26124.0
Project("{FAE04EC0-301F-11D3-BF4B-00C04F79EFBC}") = "students.infrastructure", "students.Infrastructure\students.infrastructure.csproj", "{949D3E1C-3348-4519-9ADF-5397FD756294}"
EndProject
Project("{FAE04EC0-301F-11D3-BF4B-00C04F79EFBC}") = "students.domain", "students.domain\students.domain.csproj", "{C6F5318B-4AE9-49F3-B238-FD48FC866175}"
EndProject
Project("{FAE04EC0-301F-11D3-BF4B-00C04F79EFBC}") = "students.application.implements", "students.application.implements\students.application.implements.csproj", "{98E69EA6-43D9-47F7-B235-BC1219E363DF}"
EndProject
Project("{FAE04EC0-301F-11D3-BF4B-00C04F79EFBC}") = "students.application", "students.application\students.application.csproj", "{2E2C1F97-5301-413F-9A23-F303CCC1F2EE}"
EndProject
Project("{FAE04EC0-301F-11D3-BF4B-00C04F79EFBC}") = "students.api", "students.api\students.api.csproj", "{6FB2DD7E-0A5E-49F4-83B8-244E9276554B}"
EndProject
Global
	GlobalSection(SolutionConfigurationPlatforms) = preSolution
		Debug|Any CPU = Debug|Any CPU
		Debug|x64 = Debug|x64
		Debug|x86 = Debug|x86
		Release|Any CPU = Release|Any CPU
		Release|x64 = Release|x64
		Release|x86 = Release|x86
	EndGlobalSection
	GlobalSection(SolutionProperties) = preSolution
		HideSolutionNode = FALSE
	EndGlobalSection
	GlobalSection(ProjectConfigurationPlatforms) = postSolution
		{949D3E1C-3348-4519-9ADF-5397FD756294}.Debug|Any CPU.ActiveCfg = Debug|Any CPU
		{949D3E1C-3348-4519-9ADF-5397FD756294}.Debug|Any CPU.Build.0 = Debug|Any CPU
		{949D3E1C-3348-4519-9ADF-5397FD756294}.Debug|x64.ActiveCfg = Debug|Any CPU
		{949D3E1C-3348-4519-9ADF-5397FD756294}.Debug|x64.Build.0 = Debug|Any CPU
		{949D3E1C-3348-4519-9ADF-5397FD756294}.Debug|x86.ActiveCfg = Debug|Any CPU
		{949D3E1C-3348-4519-9ADF-5397FD756294}.Debug|x86.Build.0 = Debug|Any CPU
		{949D3E1C-3348-4519-9ADF-5397FD756294}.Release|Any CPU.ActiveCfg = Release|Any CPU
		{949D3E1C-3348-4519-9ADF-5397FD756294}.Release|Any CPU.Build.0 = Release|Any CPU
		{949D3E1C-3348-4519-9ADF-5397FD756294}.Release|x64.ActiveCfg = Release|Any CPU
		{949D3E1C-3348-4519-9ADF-5397FD756294}.Release|x64.Build.0 = Release|Any CPU
		{949D3E1C-3348-4519-9ADF-5397FD756294}.Release|x86.ActiveCfg = Release|Any CPU
		{949D3E1C-3348-4519-9ADF-5397FD756294}.Release|x86.Build.0 = Release|Any CPU
		{C6F5318B-4AE9-49F3-B238-FD48FC866175}.Debug|Any CPU.ActiveCfg = Debug|Any CPU
		{C6F5318B-4AE9-49F3-B238-FD48FC866175}.Debug|Any CPU.Build.0 = Debug|Any CPU
		{C6F5318B-4AE9-49F3-B238-FD48FC866175}.Debug|x64.ActiveCfg = Debug|Any CPU
		{C6F5318B-4AE9-49F3-B238-FD48FC866175}.Debug|x64.Build.0 = Debug|Any CPU
		{C6F5318B-4AE9-49F3-B238-FD48FC866175}.Debug|x86.ActiveCfg = Debug|Any CPU
		{C6F5318B-4AE9-49F3-B238-FD48FC866175}.Debug|x86.Build.0 = Debug|Any CPU
		{C6F5318B-4AE9-49F3-B238-FD48FC866175}.Release|Any CPU.ActiveCfg = Release|Any CPU
		{C6F5318B-4AE9-49F3-B238-FD48FC866175}.Release|Any CPU.Build.0 = Release|Any CPU
		{C6F5318B-4AE9-49F3-B238-FD48FC866175}.Release|x64.ActiveCfg = Release|Any CPU
		{C6F5318B-4AE9-49F3-B238-FD48FC866175}.Release|x64.Build.0 = Release|Any CPU
		{C6F5318B-4AE9-49F3-B238-FD48FC866175}.Release|x86.ActiveCfg = Release|Any CPU
		{C6F5318B-4AE9-49F3-B238-FD48FC866175}.Release|x86.Build.0 = Release|Any CPU
		{98E69EA6-43D9-47F7-B235-BC1219E363DF}.Debug|Any CPU.ActiveCfg = Debug|Any CPU
		{98E69EA6-43D9-47F7-B235-BC1219E363DF}.Debug|Any CPU.Build.0 = Debug|Any CPU
		{98E69EA6-43D9-47F7-B235-BC1219E363DF}.Debug|x64.ActiveCfg = Debug|Any CPU
		{98E69EA6-43D9-47F7-B235-BC1219E363DF}.Debug|x64.Build.0 = Debug|Any CPU
		{98E69EA6-43D9-47F7-B235-BC1219E363DF}.Debug|x86.ActiveCfg = Debug|Any CPU
		{98E69EA6-43D9-47F7-B235-BC1219E363DF}.Debug|x86.Build.0 = Debug|Any CPU
		{98E69EA6-43D9-47F7-B235-BC1219E363DF}.Release|Any CPU.ActiveCfg = Release|Any CPU
		{98E69EA6-43D9-47F7-B235-BC1219E363DF}.Release|Any CPU.Build.0 = Release|Any CPU
		{98E69EA6-43D9-47F7-B235-BC1219E363DF}.Release|x64.ActiveCfg = Release|Any CPU
		{98E69EA6-43D9-47F7-B235-BC1219E363DF}.Release|x64.Build.0 = Release|Any CPU
		{98E69EA6-43D9-47F7-B235-BC1219E363DF}.Release|x86.ActiveCfg = Release|Any CPU
		{98E69EA6-43D9-47F7-B235-BC1219E363DF}.Release|x86.Build.0 = Release|Any CPU
		{2E2C1F97-5301-413F-9A23-F303CCC1F2EE}.Debug|Any CPU.ActiveCfg = Debug|Any CPU
		{2E2C1F97-5301-413F-9A23-F303CCC1F2EE}.Debug|Any CPU.Build.0 = Debug|Any CPU
		{2E2C1F97-5301-413F-9A23-F303CCC1F2EE}.Debug|x64.ActiveCfg = Debug|Any CPU
		{2E2C1F97-5301-413F-9A23-F303CCC1F2EE}.Debug|x64.Build.0 = Debug|Any CPU
		{2E2C1F97-5301-413F-9A23-F303CCC1F2EE}.Debug|x86.ActiveCfg = Debug|Any CPU
		{2E2C1F97-5301-413F-9A23-F303CCC1F2EE}.Debug|x86.Build.0 = Debug|Any CPU
		{2E2C1F97-5301-413F-9A23-F303CCC1F2EE}.Release|Any CPU.ActiveCfg = Release|Any CPU
		{2E2C1F97-5301-413F-9A23-F303CCC1F2EE}.Release|Any CPU.Build.0 = Release|Any CPU
		{2E2C1F97-5301-413F-9A23-F303CCC1F2EE}.Release|x64.ActiveCfg = Release|Any CPU
		{2E2C1F97-5301-413F-9A23-F303CCC1F2EE}.Release|x64.Build.0 = Release|Any CPU
		{2E2C1F97-5301-413F-9A23-F303CCC1F2EE}.Release|x86.ActiveCfg = Release|Any CPU
		{2E2C1F97-5301-413F-9A23-F303CCC1F2EE}.Release|x86.Build.0 = Release|Any CPU
		{6FB2DD7E-0A5E-49F4-83B8-244E9276554B}.Debug|Any CPU.ActiveCfg = Debug|Any CPU
		{6FB2DD7E-0A5E-49F4-83B8-244E9276554B}.Debug|Any CPU.Build.0 = Debug|Any CPU
		{6FB2DD7E-0A5E-49F4-83B8-244E9276554B}.Debug|x64.ActiveCfg = Debug|Any CPU
		{6FB2DD7E-0A5E-49F4-83B8-244E9276554B}.Debug|x64.Build.0 = Debug|Any CPU
		{6FB2DD7E-0A5E-49F4-83B8-244E9276554B}.Debug|x86.ActiveCfg = Debug|Any CPU
		{6FB2DD7E-0A5E-49F4-83B8-244E9276554B}.Debug|x86.Build.0 = Debug|Any CPU
		{6FB2DD7E-0A5E-49F4-83B8-244E9276554B}.Release|Any CPU.ActiveCfg = Release|Any CPU
		{6FB2DD7E-0A5E-49F4-83B8-244E9276554B}.Release|Any CPU.Build.0 = Release|Any CPU
		{6FB2DD7E-0A5E-49F4-83B8-244E9276554B}.Release|x64.ActiveCfg = Release|Any CPU
		{6FB2DD7E-0A5E-49F4-83B8-244E9276554B}.Release|x64.Build.0 = Release|Any CPU
		{6FB2DD7E-0A5E-49F4-83B8-244E9276554B}.Release|x86.ActiveCfg = Release|Any CPU
		{6FB2DD7E-0A5E-49F4-83B8-244E9276554B}.Release|x86.Build.0 = Release|Any CPU
	EndGlobalSection
EndGlobal
